// !$*UTF8*$!
{
	archiveVersion = 1;
	classes = {
	};
	objectVersion = 50;
	objects = {

/* Begin PBXBuildFile section */
		3F3091382394407700829EF7 /* Cartfile in Resources */ = {isa = PBXBuildFile; fileRef = 3F3091372394407700829EF7 /* Cartfile */; };
		3F30913F2394457E00829EF7 /* BeerViewModel.swift in Sources */ = {isa = PBXBuildFile; fileRef = 3F30913E2394457E00829EF7 /* BeerViewModel.swift */; };
		3FBAD63B239D943F00918D30 /* CombinePickerView.swift in Sources */ = {isa = PBXBuildFile; fileRef = 3FBAD63A239D943F00918D30 /* CombinePickerView.swift */; };
		3FE5EC59239431720042C8AF /* AppDelegate.swift in Sources */ = {isa = PBXBuildFile; fileRef = 3FE5EC58239431720042C8AF /* AppDelegate.swift */; };
		3FE5EC63239431720042C8AF /* mvvm_combine.xcdatamodeld in Sources */ = {isa = PBXBuildFile; fileRef = 3FE5EC61239431720042C8AF /* mvvm_combine.xcdatamodeld */; };
		3FE5EC65239431770042C8AF /* Assets.xcassets in Resources */ = {isa = PBXBuildFile; fileRef = 3FE5EC64239431770042C8AF /* Assets.xcassets */; };
		3FE5EC73239431770042C8AF /* mvvm_combineTests.swift in Sources */ = {isa = PBXBuildFile; fileRef = 3FE5EC72239431770042C8AF /* mvvm_combineTests.swift */; };
		3FE5EC7E239431770042C8AF /* mvvm_combineUITests.swift in Sources */ = {isa = PBXBuildFile; fileRef = 3FE5EC7D239431770042C8AF /* mvvm_combineUITests.swift */; };
		3FECC54B2395B25E000567D0 /* SnapKit.framework in Frameworks */ = {isa = PBXBuildFile; fileRef = 3FECC5492395B25E000567D0 /* SnapKit.framework */; };
		3FECC54C2395B25E000567D0 /* SnapKit.framework in Embed Frameworks */ = {isa = PBXBuildFile; fileRef = 3FECC5492395B25E000567D0 /* SnapKit.framework */; settings = {ATTRIBUTES = (CodeSignOnCopy, RemoveHeadersOnCopy, ); }; };
		3FECC54D2395B25E000567D0 /* Alamofire.framework in Frameworks */ = {isa = PBXBuildFile; fileRef = 3FECC54A2395B25E000567D0 /* Alamofire.framework */; };
		3FECC54E2395B25E000567D0 /* Alamofire.framework in Embed Frameworks */ = {isa = PBXBuildFile; fileRef = 3FECC54A2395B25E000567D0 /* Alamofire.framework */; settings = {ATTRIBUTES = (CodeSignOnCopy, RemoveHeadersOnCopy, ); }; };
		3FECC5522395B44B000567D0 /* BeerViewController.swift in Sources */ = {isa = PBXBuildFile; fileRef = 3FECC5512395B44B000567D0 /* BeerViewController.swift */; };
		3FECC5542395B877000567D0 /* Rswift.framework in Frameworks */ = {isa = PBXBuildFile; fileRef = 3FECC5532395B877000567D0 /* Rswift.framework */; };
		3FECC5552395B877000567D0 /* Rswift.framework in Embed Frameworks */ = {isa = PBXBuildFile; fileRef = 3FECC5532395B877000567D0 /* Rswift.framework */; settings = {ATTRIBUTES = (CodeSignOnCopy, RemoveHeadersOnCopy, ); }; };
		3FECC5582395BBDD000567D0 /* R.generated.swift in Sources */ = {isa = PBXBuildFile; fileRef = 3FECC5572395BBDC000567D0 /* R.generated.swift */; };
		3FECC55A2395BD71000567D0 /* SceneDelegate.swift in Sources */ = {isa = PBXBuildFile; fileRef = 3FECC5592395BD71000567D0 /* SceneDelegate.swift */; };
		3FECC5602395CB74000567D0 /* LaunchScreen.storyboard in Resources */ = {isa = PBXBuildFile; fileRef = 3FECC55E2395CB74000567D0 /* LaunchScreen.storyboard */; };
		8C0239B423B7CD1E00DC27BC /* DescriptionViewModel.swift in Sources */ = {isa = PBXBuildFile; fileRef = 8C0239B323B7CD1E00DC27BC /* DescriptionViewModel.swift */; };
		8C3D534D23A430E800F74278 /* BeerModel.swift in Sources */ = {isa = PBXBuildFile; fileRef = 8C3D534C23A430E800F74278 /* BeerModel.swift */; };
		8C3D534F23A4312000F74278 /* DescriptionViewController.swift in Sources */ = {isa = PBXBuildFile; fileRef = 8C3D534E23A4312000F74278 /* DescriptionViewController.swift */; };
		CE633D47239C51B400C7612D /* Toast.swift in Sources */ = {isa = PBXBuildFile; fileRef = CE633D46239C51B400C7612D /* Toast.swift */; };
		CEB73BDF239C5ABE002E34CA /* BaseViewController.swift in Sources */ = {isa = PBXBuildFile; fileRef = CEB73BDE239C5ABE002E34CA /* BaseViewController.swift */; };
		CEB73BE1239C5AD3002E34CA /* BaseViewModel.swift in Sources */ = {isa = PBXBuildFile; fileRef = CEB73BE0239C5AD3002E34CA /* BaseViewModel.swift */; };
/* End PBXBuildFile section */

/* Begin PBXContainerItemProxy section */
		3FE5EC6F239431770042C8AF /* PBXContainerItemProxy */ = {
			isa = PBXContainerItemProxy;
			containerPortal = 3FE5EC4D239431720042C8AF /* Project object */;
			proxyType = 1;
			remoteGlobalIDString = 3FE5EC54239431720042C8AF;
			remoteInfo = mvvm_combine;
		};
		3FE5EC7A239431770042C8AF /* PBXContainerItemProxy */ = {
			isa = PBXContainerItemProxy;
			containerPortal = 3FE5EC4D239431720042C8AF /* Project object */;
			proxyType = 1;
			remoteGlobalIDString = 3FE5EC54239431720042C8AF;
			remoteInfo = mvvm_combine;
		};
/* End PBXContainerItemProxy section */

/* Begin PBXCopyFilesBuildPhase section */
		3FECC54F2395B25E000567D0 /* Embed Frameworks */ = {
			isa = PBXCopyFilesBuildPhase;
			buildActionMask = 2147483647;
			dstPath = "";
			dstSubfolderSpec = 10;
			files = (
				3FECC54C2395B25E000567D0 /* SnapKit.framework in Embed Frameworks */,
				3FECC5552395B877000567D0 /* Rswift.framework in Embed Frameworks */,
				3FECC54E2395B25E000567D0 /* Alamofire.framework in Embed Frameworks */,
			);
			name = "Embed Frameworks";
			runOnlyForDeploymentPostprocessing = 0;
		};
/* End PBXCopyFilesBuildPhase section */

/* Begin PBXFileReference section */
		3F3091372394407700829EF7 /* Cartfile */ = {isa = PBXFileReference; lastKnownFileType = text; path = Cartfile; sourceTree = "<group>"; };
		3F30913E2394457E00829EF7 /* BeerViewModel.swift */ = {isa = PBXFileReference; lastKnownFileType = sourcecode.swift; path = BeerViewModel.swift; sourceTree = "<group>"; };
		3FBAD63A239D943F00918D30 /* CombinePickerView.swift */ = {isa = PBXFileReference; lastKnownFileType = sourcecode.swift; path = CombinePickerView.swift; sourceTree = "<group>"; };
		3FE5EC55239431720042C8AF /* mvvm_combine.app */ = {isa = PBXFileReference; explicitFileType = wrapper.application; includeInIndex = 0; path = mvvm_combine.app; sourceTree = BUILT_PRODUCTS_DIR; };
		3FE5EC58239431720042C8AF /* AppDelegate.swift */ = {isa = PBXFileReference; lastKnownFileType = sourcecode.swift; path = AppDelegate.swift; sourceTree = "<group>"; };
		3FE5EC62239431720042C8AF /* mvvm_combine.xcdatamodel */ = {isa = PBXFileReference; lastKnownFileType = wrapper.xcdatamodel; path = mvvm_combine.xcdatamodel; sourceTree = "<group>"; };
		3FE5EC64239431770042C8AF /* Assets.xcassets */ = {isa = PBXFileReference; lastKnownFileType = folder.assetcatalog; path = Assets.xcassets; sourceTree = "<group>"; };
		3FE5EC69239431770042C8AF /* Info.plist */ = {isa = PBXFileReference; lastKnownFileType = text.plist.xml; path = Info.plist; sourceTree = "<group>"; };
		3FE5EC6E239431770042C8AF /* mvvm_combineTests.xctest */ = {isa = PBXFileReference; explicitFileType = wrapper.cfbundle; includeInIndex = 0; path = mvvm_combineTests.xctest; sourceTree = BUILT_PRODUCTS_DIR; };
		3FE5EC72239431770042C8AF /* mvvm_combineTests.swift */ = {isa = PBXFileReference; lastKnownFileType = sourcecode.swift; path = mvvm_combineTests.swift; sourceTree = "<group>"; };
		3FE5EC74239431770042C8AF /* Info.plist */ = {isa = PBXFileReference; lastKnownFileType = text.plist.xml; path = Info.plist; sourceTree = "<group>"; };
		3FE5EC79239431770042C8AF /* mvvm_combineUITests.xctest */ = {isa = PBXFileReference; explicitFileType = wrapper.cfbundle; includeInIndex = 0; path = mvvm_combineUITests.xctest; sourceTree = BUILT_PRODUCTS_DIR; };
		3FE5EC7D239431770042C8AF /* mvvm_combineUITests.swift */ = {isa = PBXFileReference; lastKnownFileType = sourcecode.swift; path = mvvm_combineUITests.swift; sourceTree = "<group>"; };
		3FE5EC7F239431770042C8AF /* Info.plist */ = {isa = PBXFileReference; lastKnownFileType = text.plist.xml; path = Info.plist; sourceTree = "<group>"; };
		3FECC5492395B25E000567D0 /* SnapKit.framework */ = {isa = PBXFileReference; lastKnownFileType = wrapper.framework; name = SnapKit.framework; path = Carthage/Build/iOS/SnapKit.framework; sourceTree = "<group>"; };
		3FECC54A2395B25E000567D0 /* Alamofire.framework */ = {isa = PBXFileReference; lastKnownFileType = wrapper.framework; name = Alamofire.framework; path = Carthage/Build/iOS/Alamofire.framework; sourceTree = "<group>"; };
		3FECC5512395B44B000567D0 /* BeerViewController.swift */ = {isa = PBXFileReference; lastKnownFileType = sourcecode.swift; path = BeerViewController.swift; sourceTree = "<group>"; };
		3FECC5532395B877000567D0 /* Rswift.framework */ = {isa = PBXFileReference; lastKnownFileType = wrapper.framework; name = Rswift.framework; path = Carthage/Build/iOS/Rswift.framework; sourceTree = "<group>"; };
		3FECC5572395BBDC000567D0 /* R.generated.swift */ = {isa = PBXFileReference; fileEncoding = 4; lastKnownFileType = sourcecode.swift; path = R.generated.swift; sourceTree = "<group>"; };
		3FECC5592395BD71000567D0 /* SceneDelegate.swift */ = {isa = PBXFileReference; fileEncoding = 4; lastKnownFileType = sourcecode.swift; path = SceneDelegate.swift; sourceTree = "<group>"; };
		3FECC55F2395CB74000567D0 /* Base */ = {isa = PBXFileReference; lastKnownFileType = file.storyboard; name = Base; path = Base.lproj/LaunchScreen.storyboard; sourceTree = "<group>"; };
		8C0239B323B7CD1E00DC27BC /* DescriptionViewModel.swift */ = {isa = PBXFileReference; lastKnownFileType = sourcecode.swift; path = DescriptionViewModel.swift; sourceTree = "<group>"; };
		8C3D534C23A430E800F74278 /* BeerModel.swift */ = {isa = PBXFileReference; fileEncoding = 4; lastKnownFileType = sourcecode.swift; path = BeerModel.swift; sourceTree = "<group>"; };
		8C3D534E23A4312000F74278 /* DescriptionViewController.swift */ = {isa = PBXFileReference; fileEncoding = 4; lastKnownFileType = sourcecode.swift; path = DescriptionViewController.swift; sourceTree = "<group>"; };
		CE633D46239C51B400C7612D /* Toast.swift */ = {isa = PBXFileReference; lastKnownFileType = sourcecode.swift; path = Toast.swift; sourceTree = "<group>"; };
		CEB73BDE239C5ABE002E34CA /* BaseViewController.swift */ = {isa = PBXFileReference; lastKnownFileType = sourcecode.swift; path = BaseViewController.swift; sourceTree = "<group>"; };
		CEB73BE0239C5AD3002E34CA /* BaseViewModel.swift */ = {isa = PBXFileReference; lastKnownFileType = sourcecode.swift; path = BaseViewModel.swift; sourceTree = "<group>"; };
/* End PBXFileReference section */

/* Begin PBXFrameworksBuildPhase section */
		3FE5EC52239431720042C8AF /* Frameworks */ = {
			isa = PBXFrameworksBuildPhase;
			buildActionMask = 2147483647;
			files = (
				3FECC54B2395B25E000567D0 /* SnapKit.framework in Frameworks */,
				3FECC5542395B877000567D0 /* Rswift.framework in Frameworks */,
				3FECC54D2395B25E000567D0 /* Alamofire.framework in Frameworks */,
			);
			runOnlyForDeploymentPostprocessing = 0;
		};
		3FE5EC6B239431770042C8AF /* Frameworks */ = {
			isa = PBXFrameworksBuildPhase;
			buildActionMask = 2147483647;
			files = (
			);
			runOnlyForDeploymentPostprocessing = 0;
		};
		3FE5EC76239431770042C8AF /* Frameworks */ = {
			isa = PBXFrameworksBuildPhase;
			buildActionMask = 2147483647;
			files = (
			);
			runOnlyForDeploymentPostprocessing = 0;
		};
/* End PBXFrameworksBuildPhase section */

/* Begin PBXGroup section */
		3F3091392394450A00829EF7 /* Models */ = {
			isa = PBXGroup;
			children = (
				8C3D534C23A430E800F74278 /* BeerModel.swift */,
			);
			path = Models;
			sourceTree = "<group>";
		};
		3F30913A2394451900829EF7 /* Views */ = {
			isa = PBXGroup;
			children = (
				8C3D534E23A4312000F74278 /* DescriptionViewController.swift */,
				3FECC5512395B44B000567D0 /* BeerViewController.swift */,
			);
			path = Views;
			sourceTree = "<group>";
		};
		3F30913B2394452500829EF7 /* ViewModels */ = {
			isa = PBXGroup;
			children = (
				3F30913E2394457E00829EF7 /* BeerViewModel.swift */,
				8C0239B323B7CD1E00DC27BC /* DescriptionViewModel.swift */,
			);
			path = ViewModels;
			sourceTree = "<group>";
		};
		3FE5EC4C239431720042C8AF = {
			isa = PBXGroup;
			children = (
				3FE5EC57239431720042C8AF /* mvvm_combine */,
				3FE5EC71239431770042C8AF /* mvvm_combineTests */,
				3FE5EC7C239431770042C8AF /* mvvm_combineUITests */,
				3FE5EC56239431720042C8AF /* Products */,
				3FECC5482395B25E000567D0 /* Frameworks */,
				3FECC5572395BBDC000567D0 /* R.generated.swift */,
				3F3091372394407700829EF7 /* Cartfile */,
			);
			sourceTree = "<group>";
		};
		3FE5EC56239431720042C8AF /* Products */ = {
			isa = PBXGroup;
			children = (
				3FE5EC55239431720042C8AF /* mvvm_combine.app */,
				3FE5EC6E239431770042C8AF /* mvvm_combineTests.xctest */,
				3FE5EC79239431770042C8AF /* mvvm_combineUITests.xctest */,
			);
			name = Products;
			sourceTree = "<group>";
		};
		3FE5EC57239431720042C8AF /* mvvm_combine */ = {
			isa = PBXGroup;
			children = (
				CE633D45239C50B000C7612D /* Utils */,
				CEB73BDD239C59FD002E34CA /* Base MVVM */,
				3F3091392394450A00829EF7 /* Models */,
				3F30913A2394451900829EF7 /* Views */,
				3F30913B2394452500829EF7 /* ViewModels */,
				3FE5EC61239431720042C8AF /* mvvm_combine.xcdatamodeld */,
				3FECC55E2395CB74000567D0 /* LaunchScreen.storyboard */,
				3FE5EC64239431770042C8AF /* Assets.xcassets */,
				3FECC5592395BD71000567D0 /* SceneDelegate.swift */,
				3FE5EC58239431720042C8AF /* AppDelegate.swift */,
				3FE5EC69239431770042C8AF /* Info.plist */,
			);
			path = mvvm_combine;
			sourceTree = "<group>";
		};
		3FE5EC71239431770042C8AF /* mvvm_combineTests */ = {
			isa = PBXGroup;
			children = (
				3FE5EC72239431770042C8AF /* mvvm_combineTests.swift */,
				3FE5EC74239431770042C8AF /* Info.plist */,
			);
			path = mvvm_combineTests;
			sourceTree = "<group>";
		};
		3FE5EC7C239431770042C8AF /* mvvm_combineUITests */ = {
			isa = PBXGroup;
			children = (
				3FE5EC7D239431770042C8AF /* mvvm_combineUITests.swift */,
				3FE5EC7F239431770042C8AF /* Info.plist */,
			);
			path = mvvm_combineUITests;
			sourceTree = "<group>";
		};
		3FECC5482395B25E000567D0 /* Frameworks */ = {
			isa = PBXGroup;
			children = (
				3FECC5532395B877000567D0 /* Rswift.framework */,
				3FECC54A2395B25E000567D0 /* Alamofire.framework */,
				3FECC5492395B25E000567D0 /* SnapKit.framework */,
			);
			name = Frameworks;
			sourceTree = "<group>";
		};
		CE633D45239C50B000C7612D /* Utils */ = {
			isa = PBXGroup;
			children = (
				CE633D46239C51B400C7612D /* Toast.swift */,
				3FBAD63A239D943F00918D30 /* CombinePickerView.swift */,
			);
			path = Utils;
			sourceTree = "<group>";
		};
		CEB73BDD239C59FD002E34CA /* Base MVVM */ = {
			isa = PBXGroup;
			children = (
				CEB73BDE239C5ABE002E34CA /* BaseViewController.swift */,
				CEB73BE0239C5AD3002E34CA /* BaseViewModel.swift */,
			);
			path = "Base MVVM";
			sourceTree = "<group>";
		};
/* End PBXGroup section */

/* Begin PBXNativeTarget section */
		3FE5EC54239431720042C8AF /* mvvm_combine */ = {
			isa = PBXNativeTarget;
			buildConfigurationList = 3FE5EC82239431770042C8AF /* Build configuration list for PBXNativeTarget "mvvm_combine" */;
			buildPhases = (
				3FECC5562395B90B000567D0 /* ShellScript */,
				3FE5EC51239431720042C8AF /* Sources */,
				3FE5EC52239431720042C8AF /* Frameworks */,
				3FE5EC53239431720042C8AF /* Resources */,
				3FECC54F2395B25E000567D0 /* Embed Frameworks */,
				3FECC5502395B28B000567D0 /* ShellScript */,
			);
			buildRules = (
			);
			dependencies = (
			);
			name = mvvm_combine;
			productName = mvvm_combine;
			productReference = 3FE5EC55239431720042C8AF /* mvvm_combine.app */;
			productType = "com.apple.product-type.application";
		};
		3FE5EC6D239431770042C8AF /* mvvm_combineTests */ = {
			isa = PBXNativeTarget;
			buildConfigurationList = 3FE5EC85239431770042C8AF /* Build configuration list for PBXNativeTarget "mvvm_combineTests" */;
			buildPhases = (
				3FE5EC6A239431770042C8AF /* Sources */,
				3FE5EC6B239431770042C8AF /* Frameworks */,
				3FE5EC6C239431770042C8AF /* Resources */,
			);
			buildRules = (
			);
			dependencies = (
				3FE5EC70239431770042C8AF /* PBXTargetDependency */,
			);
			name = mvvm_combineTests;
			productName = mvvm_combineTests;
			productReference = 3FE5EC6E239431770042C8AF /* mvvm_combineTests.xctest */;
			productType = "com.apple.product-type.bundle.unit-test";
		};
		3FE5EC78239431770042C8AF /* mvvm_combineUITests */ = {
			isa = PBXNativeTarget;
			buildConfigurationList = 3FE5EC88239431770042C8AF /* Build configuration list for PBXNativeTarget "mvvm_combineUITests" */;
			buildPhases = (
				3FE5EC75239431770042C8AF /* Sources */,
				3FE5EC76239431770042C8AF /* Frameworks */,
				3FE5EC77239431770042C8AF /* Resources */,
			);
			buildRules = (
			);
			dependencies = (
				3FE5EC7B239431770042C8AF /* PBXTargetDependency */,
			);
			name = mvvm_combineUITests;
			productName = mvvm_combineUITests;
			productReference = 3FE5EC79239431770042C8AF /* mvvm_combineUITests.xctest */;
			productType = "com.apple.product-type.bundle.ui-testing";
		};
/* End PBXNativeTarget section */

/* Begin PBXProject section */
		3FE5EC4D239431720042C8AF /* Project object */ = {
			isa = PBXProject;
			attributes = {
				LastSwiftUpdateCheck = 1120;
				LastUpgradeCheck = 1120;
				TargetAttributes = {
					3FE5EC54239431720042C8AF = {
						CreatedOnToolsVersion = 11.2.1;
					};
					3FE5EC6D239431770042C8AF = {
						CreatedOnToolsVersion = 11.2.1;
						TestTargetID = 3FE5EC54239431720042C8AF;
					};
					3FE5EC78239431770042C8AF = {
						CreatedOnToolsVersion = 11.2.1;
						TestTargetID = 3FE5EC54239431720042C8AF;
					};
				};
			};
			buildConfigurationList = 3FE5EC50239431720042C8AF /* Build configuration list for PBXProject "mvvm_combine" */;
			compatibilityVersion = "Xcode 9.3";
			developmentRegion = en;
			hasScannedForEncodings = 0;
			knownRegions = (
				en,
				Base,
			);
			mainGroup = 3FE5EC4C239431720042C8AF;
			productRefGroup = 3FE5EC56239431720042C8AF /* Products */;
			projectDirPath = "";
			projectRoot = "";
			targets = (
				3FE5EC54239431720042C8AF /* mvvm_combine */,
				3FE5EC6D239431770042C8AF /* mvvm_combineTests */,
				3FE5EC78239431770042C8AF /* mvvm_combineUITests */,
			);
		};
/* End PBXProject section */

/* Begin PBXResourcesBuildPhase section */
		3FE5EC53239431720042C8AF /* Resources */ = {
			isa = PBXResourcesBuildPhase;
			buildActionMask = 2147483647;
			files = (
				3FECC5602395CB74000567D0 /* LaunchScreen.storyboard in Resources */,
				3FE5EC65239431770042C8AF /* Assets.xcassets in Resources */,
				3F3091382394407700829EF7 /* Cartfile in Resources */,
			);
			runOnlyForDeploymentPostprocessing = 0;
		};
		3FE5EC6C239431770042C8AF /* Resources */ = {
			isa = PBXResourcesBuildPhase;
			buildActionMask = 2147483647;
			files = (
			);
			runOnlyForDeploymentPostprocessing = 0;
		};
		3FE5EC77239431770042C8AF /* Resources */ = {
			isa = PBXResourcesBuildPhase;
			buildActionMask = 2147483647;
			files = (
			);
			runOnlyForDeploymentPostprocessing = 0;
		};
/* End PBXResourcesBuildPhase section */

/* Begin PBXShellScriptBuildPhase section */
		3FECC5502395B28B000567D0 /* ShellScript */ = {
			isa = PBXShellScriptBuildPhase;
			buildActionMask = 2147483647;
			files = (
			);
			inputFileListPaths = (
			);
			inputPaths = (
				"$(SRCROOT)/Carthage/Build/iOS/Alamofire.framework",
				"$(SRCROOT)/Carthage/Build/iOS/SnapKit.framework",
			);
			outputFileListPaths = (
			);
			outputPaths = (
			);
			runOnlyForDeploymentPostprocessing = 0;
			shellPath = /bin/sh;
			shellScript = "/usr/local/bin/carthage copy-frameworks\n";
		};
		3FECC5562395B90B000567D0 /* ShellScript */ = {
			isa = PBXShellScriptBuildPhase;
			buildActionMask = 2147483647;
			files = (
			);
			inputFileListPaths = (
			);
			inputPaths = (
				"$TEMP_DIR/rswift-lastrun",
			);
			outputFileListPaths = (
			);
			outputPaths = (
				$SRCROOT/R.generated.swift,
			);
			runOnlyForDeploymentPostprocessing = 0;
			shellPath = /bin/sh;
			shellScript = "\"$SRCROOT/rswift\" generate \"$SRCROOT/R.generated.swift\"\n";
		};
/* End PBXShellScriptBuildPhase section */

/* Begin PBXSourcesBuildPhase section */
		3FE5EC51239431720042C8AF /* Sources */ = {
			isa = PBXSourcesBuildPhase;
			buildActionMask = 2147483647;
			files = (
				8C3D534F23A4312000F74278 /* DescriptionViewController.swift in Sources */,
				3FBAD63B239D943F00918D30 /* CombinePickerView.swift in Sources */,
				8C3D534D23A430E800F74278 /* BeerModel.swift in Sources */,
				3FECC5522395B44B000567D0 /* BeerViewController.swift in Sources */,
				3F30913F2394457E00829EF7 /* BeerViewModel.swift in Sources */,
				3FECC5582395BBDD000567D0 /* R.generated.swift in Sources */,
				3FE5EC59239431720042C8AF /* AppDelegate.swift in Sources */,
				3FE5EC63239431720042C8AF /* mvvm_combine.xcdatamodeld in Sources */,
				CEB73BE1239C5AD3002E34CA /* BaseViewModel.swift in Sources */,
				CEB73BDF239C5ABE002E34CA /* BaseViewController.swift in Sources */,
				8C0239B423B7CD1E00DC27BC /* DescriptionViewModel.swift in Sources */,
				3FECC55A2395BD71000567D0 /* SceneDelegate.swift in Sources */,
				CE633D47239C51B400C7612D /* Toast.swift in Sources */,
			);
			runOnlyForDeploymentPostprocessing = 0;
		};
		3FE5EC6A239431770042C8AF /* Sources */ = {
			isa = PBXSourcesBuildPhase;
			buildActionMask = 2147483647;
			files = (
				3FE5EC73239431770042C8AF /* mvvm_combineTests.swift in Sources */,
			);
			runOnlyForDeploymentPostprocessing = 0;
		};
		3FE5EC75239431770042C8AF /* Sources */ = {
			isa = PBXSourcesBuildPhase;
			buildActionMask = 2147483647;
			files = (
				3FE5EC7E239431770042C8AF /* mvvm_combineUITests.swift in Sources */,
			);
			runOnlyForDeploymentPostprocessing = 0;
		};
/* End PBXSourcesBuildPhase section */

/* Begin PBXTargetDependency section */
		3FE5EC70239431770042C8AF /* PBXTargetDependency */ = {
			isa = PBXTargetDependency;
			target = 3FE5EC54239431720042C8AF /* mvvm_combine */;
			targetProxy = 3FE5EC6F239431770042C8AF /* PBXContainerItemProxy */;
		};
		3FE5EC7B239431770042C8AF /* PBXTargetDependency */ = {
			isa = PBXTargetDependency;
			target = 3FE5EC54239431720042C8AF /* mvvm_combine */;
			targetProxy = 3FE5EC7A239431770042C8AF /* PBXContainerItemProxy */;
		};
/* End PBXTargetDependency section */

/* Begin PBXVariantGroup section */
		3FECC55E2395CB74000567D0 /* LaunchScreen.storyboard */ = {
			isa = PBXVariantGroup;
			children = (
				3FECC55F2395CB74000567D0 /* Base */,
			);
			name = LaunchScreen.storyboard;
			sourceTree = "<group>";
		};
/* End PBXVariantGroup section */

/* Begin XCBuildConfiguration section */
		3FE5EC80239431770042C8AF /* Debug */ = {
			isa = XCBuildConfiguration;
			buildSettings = {
				ALWAYS_SEARCH_USER_PATHS = NO;
				CLANG_ANALYZER_NONNULL = YES;
				CLANG_ANALYZER_NUMBER_OBJECT_CONVERSION = YES_AGGRESSIVE;
				CLANG_CXX_LANGUAGE_STANDARD = "gnu++14";
				CLANG_CXX_LIBRARY = "libc++";
				CLANG_ENABLE_MODULES = YES;
				CLANG_ENABLE_OBJC_ARC = YES;
				CLANG_ENABLE_OBJC_WEAK = YES;
				CLANG_WARN_BLOCK_CAPTURE_AUTORELEASING = YES;
				CLANG_WARN_BOOL_CONVERSION = YES;
				CLANG_WARN_COMMA = YES;
				CLANG_WARN_CONSTANT_CONVERSION = YES;
				CLANG_WARN_DEPRECATED_OBJC_IMPLEMENTATIONS = YES;
				CLANG_WARN_DIRECT_OBJC_ISA_USAGE = YES_ERROR;
				CLANG_WARN_DOCUMENTATION_COMMENTS = YES;
				CLANG_WARN_EMPTY_BODY = YES;
				CLANG_WARN_ENUM_CONVERSION = YES;
				CLANG_WARN_INFINITE_RECURSION = YES;
				CLANG_WARN_INT_CONVERSION = YES;
				CLANG_WARN_NON_LITERAL_NULL_CONVERSION = YES;
				CLANG_WARN_OBJC_IMPLICIT_RETAIN_SELF = YES;
				CLANG_WARN_OBJC_LITERAL_CONVERSION = YES;
				CLANG_WARN_OBJC_ROOT_CLASS = YES_ERROR;
				CLANG_WARN_RANGE_LOOP_ANALYSIS = YES;
				CLANG_WARN_STRICT_PROTOTYPES = YES;
				CLANG_WARN_SUSPICIOUS_MOVE = YES;
				CLANG_WARN_UNGUARDED_AVAILABILITY = YES_AGGRESSIVE;
				CLANG_WARN_UNREACHABLE_CODE = YES;
				CLANG_WARN__DUPLICATE_METHOD_MATCH = YES;
				COPY_PHASE_STRIP = NO;
				DEBUG_INFORMATION_FORMAT = dwarf;
				ENABLE_STRICT_OBJC_MSGSEND = YES;
				ENABLE_TESTABILITY = YES;
				GCC_C_LANGUAGE_STANDARD = gnu11;
				GCC_DYNAMIC_NO_PIC = NO;
				GCC_NO_COMMON_BLOCKS = YES;
				GCC_OPTIMIZATION_LEVEL = 0;
				GCC_PREPROCESSOR_DEFINITIONS = (
					"DEBUG=1",
					"$(inherited)",
				);
				GCC_WARN_64_TO_32_BIT_CONVERSION = YES;
				GCC_WARN_ABOUT_RETURN_TYPE = YES_ERROR;
				GCC_WARN_UNDECLARED_SELECTOR = YES;
				GCC_WARN_UNINITIALIZED_AUTOS = YES_AGGRESSIVE;
				GCC_WARN_UNUSED_FUNCTION = YES;
				GCC_WARN_UNUSED_VARIABLE = YES;
				IPHONEOS_DEPLOYMENT_TARGET = 13.2;
				MTL_ENABLE_DEBUG_INFO = INCLUDE_SOURCE;
				MTL_FAST_MATH = YES;
				ONLY_ACTIVE_ARCH = YES;
				SDKROOT = iphoneos;
				SWIFT_ACTIVE_COMPILATION_CONDITIONS = DEBUG;
				SWIFT_OPTIMIZATION_LEVEL = "-Onone";
			};
			name = Debug;
		};
		3FE5EC81239431770042C8AF /* Release */ = {
			isa = XCBuildConfiguration;
			buildSettings = {
				ALWAYS_SEARCH_USER_PATHS = NO;
				CLANG_ANALYZER_NONNULL = YES;
				CLANG_ANALYZER_NUMBER_OBJECT_CONVERSION = YES_AGGRESSIVE;
				CLANG_CXX_LANGUAGE_STANDARD = "gnu++14";
				CLANG_CXX_LIBRARY = "libc++";
				CLANG_ENABLE_MODULES = YES;
				CLANG_ENABLE_OBJC_ARC = YES;
				CLANG_ENABLE_OBJC_WEAK = YES;
				CLANG_WARN_BLOCK_CAPTURE_AUTORELEASING = YES;
				CLANG_WARN_BOOL_CONVERSION = YES;
				CLANG_WARN_COMMA = YES;
				CLANG_WARN_CONSTANT_CONVERSION = YES;
				CLANG_WARN_DEPRECATED_OBJC_IMPLEMENTATIONS = YES;
				CLANG_WARN_DIRECT_OBJC_ISA_USAGE = YES_ERROR;
				CLANG_WARN_DOCUMENTATION_COMMENTS = YES;
				CLANG_WARN_EMPTY_BODY = YES;
				CLANG_WARN_ENUM_CONVERSION = YES;
				CLANG_WARN_INFINITE_RECURSION = YES;
				CLANG_WARN_INT_CONVERSION = YES;
				CLANG_WARN_NON_LITERAL_NULL_CONVERSION = YES;
				CLANG_WARN_OBJC_IMPLICIT_RETAIN_SELF = YES;
				CLANG_WARN_OBJC_LITERAL_CONVERSION = YES;
				CLANG_WARN_OBJC_ROOT_CLASS = YES_ERROR;
				CLANG_WARN_RANGE_LOOP_ANALYSIS = YES;
				CLANG_WARN_STRICT_PROTOTYPES = YES;
				CLANG_WARN_SUSPICIOUS_MOVE = YES;
				CLANG_WARN_UNGUARDED_AVAILABILITY = YES_AGGRESSIVE;
				CLANG_WARN_UNREACHABLE_CODE = YES;
				CLANG_WARN__DUPLICATE_METHOD_MATCH = YES;
				COPY_PHASE_STRIP = NO;
				DEBUG_INFORMATION_FORMAT = "dwarf-with-dsym";
				ENABLE_NS_ASSERTIONS = NO;
				ENABLE_STRICT_OBJC_MSGSEND = YES;
				GCC_C_LANGUAGE_STANDARD = gnu11;
				GCC_NO_COMMON_BLOCKS = YES;
				GCC_WARN_64_TO_32_BIT_CONVERSION = YES;
				GCC_WARN_ABOUT_RETURN_TYPE = YES_ERROR;
				GCC_WARN_UNDECLARED_SELECTOR = YES;
				GCC_WARN_UNINITIALIZED_AUTOS = YES_AGGRESSIVE;
				GCC_WARN_UNUSED_FUNCTION = YES;
				GCC_WARN_UNUSED_VARIABLE = YES;
				IPHONEOS_DEPLOYMENT_TARGET = 13.2;
				MTL_ENABLE_DEBUG_INFO = NO;
				MTL_FAST_MATH = YES;
				SDKROOT = iphoneos;
				SWIFT_COMPILATION_MODE = wholemodule;
				SWIFT_OPTIMIZATION_LEVEL = "-O";
				VALIDATE_PRODUCT = YES;
			};
			name = Release;
		};
		3FE5EC83239431770042C8AF /* Debug */ = {
			isa = XCBuildConfiguration;
			buildSettings = {
				ASSETCATALOG_COMPILER_APPICON_NAME = AppIcon;
				CODE_SIGN_STYLE = Automatic;
				DEVELOPMENT_TEAM = UM74TVYY9W;
				FRAMEWORK_SEARCH_PATHS = (
					"$(inherited)",
					"$(PROJECT_DIR)/Carthage/Build/iOS",
				);
				INFOPLIST_FILE = mvvm_combine/Info.plist;
				LD_RUNPATH_SEARCH_PATHS = (
					"$(inherited)",
					"@executable_path/Frameworks",
				);
				PRODUCT_BUNDLE_IDENTIFIER = "pl.apdev.mvvm-combine1";
				PRODUCT_NAME = "$(TARGET_NAME)";
				SWIFT_VERSION = 5.0;
				TARGETED_DEVICE_FAMILY = 1;
			};
			name = Debug;
		};
		3FE5EC84239431770042C8AF /* Release */ = {
			isa = XCBuildConfiguration;
			buildSettings = {
				ASSETCATALOG_COMPILER_APPICON_NAME = AppIcon;
				CODE_SIGN_STYLE = Automatic;
				DEVELOPMENT_TEAM = P9XV8R599Y;
				FRAMEWORK_SEARCH_PATHS = (
					"$(inherited)",
					"$(PROJECT_DIR)/Carthage/Build/iOS",
				);
				INFOPLIST_FILE = mvvm_combine/Info.plist;
				LD_RUNPATH_SEARCH_PATHS = (
					"$(inherited)",
					"@executable_path/Frameworks",
				);
				PRODUCT_BUNDLE_IDENTIFIER = "pl.apdev.mvvm-combine";
				PRODUCT_NAME = "$(TARGET_NAME)";
				SWIFT_VERSION = 5.0;
				TARGETED_DEVICE_FAMILY = 1;
			};
			name = Release;
		};
		3FE5EC86239431770042C8AF /* Debug */ = {
			isa = XCBuildConfiguration;
			buildSettings = {
				ALWAYS_EMBED_SWIFT_STANDARD_LIBRARIES = YES;
				BUNDLE_LOADER = "$(TEST_HOST)";
				CODE_SIGN_STYLE = Automatic;
				DEVELOPMENT_TEAM = P9XV8R599Y;
				INFOPLIST_FILE = mvvm_combineTests/Info.plist;
				IPHONEOS_DEPLOYMENT_TARGET = 13.2;
				LD_RUNPATH_SEARCH_PATHS = (
					"$(inherited)",
					"@executable_path/Frameworks",
					"@loader_path/Frameworks",
				);
				PRODUCT_BUNDLE_IDENTIFIER = "pl.apdev.mvvm-combineTests";
				PRODUCT_NAME = "$(TARGET_NAME)";
				SWIFT_VERSION = 5.0;
				TARGETED_DEVICE_FAMILY = "1,2";
				TEST_HOST = "$(BUILT_PRODUCTS_DIR)/mvvm_combine.app/mvvm_combine";
			};
			name = Debug;
		};
		3FE5EC87239431770042C8AF /* Release */ = {
			isa = XCBuildConfiguration;
			buildSettings = {
				ALWAYS_EMBED_SWIFT_STANDARD_LIBRARIES = YES;
				BUNDLE_LOADER = "$(TEST_HOST)";
				CODE_SIGN_STYLE = Automatic;
				DEVELOPMENT_TEAM = P9XV8R599Y;
				INFOPLIST_FILE = mvvm_combineTests/Info.plist;
				IPHONEOS_DEPLOYMENT_TARGET = 13.2;
				LD_RUNPATH_SEARCH_PATHS = (
					"$(inherited)",
					"@executable_path/Frameworks",
					"@loader_path/Frameworks",
				);
				PRODUCT_BUNDLE_IDENTIFIER = "pl.apdev.mvvm-combineTests";
				PRODUCT_NAME = "$(TARGET_NAME)";
				SWIFT_VERSION = 5.0;
				TARGETED_DEVICE_FAMILY = "1,2";
				TEST_HOST = "$(BUILT_PRODUCTS_DIR)/mvvm_combine.app/mvvm_combine";
			};
			name = Release;
		};
		3FE5EC89239431770042C8AF /* Debug */ = {
			isa = XCBuildConfiguration;
			buildSettings = {
				ALWAYS_EMBED_SWIFT_STANDARD_LIBRARIES = YES;
				CODE_SIGN_STYLE = Automatic;
				DEVELOPMENT_TEAM = P9XV8R599Y;
				INFOPLIST_FILE = mvvm_combineUITests/Info.plist;
				LD_RUNPATH_SEARCH_PATHS = (
					"$(inherited)",
					"@executable_path/Frameworks",
					"@loader_path/Frameworks",
				);
				PRODUCT_BUNDLE_IDENTIFIER = "pl.apdev.mvvm-combineUITests";
				PRODUCT_NAME = "$(TARGET_NAME)";
				SWIFT_VERSION = 5.0;
				TARGETED_DEVICE_FAMILY = "1,2";
				TEST_TARGET_NAME = mvvm_combine;
			};
			name = Debug;
		};
		3FE5EC8A239431770042C8AF /* Release */ = {
			isa = XCBuildConfiguration;
			buildSettings = {
				ALWAYS_EMBED_SWIFT_STANDARD_LIBRARIES = YES;
				CODE_SIGN_STYLE = Automatic;
				DEVELOPMENT_TEAM = P9XV8R599Y;
				INFOPLIST_FILE = mvvm_combineUITests/Info.plist;
				LD_RUNPATH_SEARCH_PATHS = (
					"$(inherited)",
					"@executable_path/Frameworks",
					"@loader_path/Frameworks",
				);
				PRODUCT_BUNDLE_IDENTIFIER = "pl.apdev.mvvm-combineUITests";
				PRODUCT_NAME = "$(TARGET_NAME)";
				SWIFT_VERSION = 5.0;
				TARGETED_DEVICE_FAMILY = "1,2";
				TEST_TARGET_NAME = mvvm_combine;
			};
			name = Release;
		};
/* End XCBuildConfiguration section */

/* Begin XCConfigurationList section */
		3FE5EC50239431720042C8AF /* Build configuration list for PBXProject "mvvm_combine" */ = {
			isa = XCConfigurationList;
			buildConfigurations = (
				3FE5EC80239431770042C8AF /* Debug */,
				3FE5EC81239431770042C8AF /* Release */,
			);
			defaultConfigurationIsVisible = 0;
			defaultConfigurationName = Release;
		};
		3FE5EC82239431770042C8AF /* Build configuration list for PBXNativeTarget "mvvm_combine" */ = {
			isa = XCConfigurationList;
			buildConfigurations = (
				3FE5EC83239431770042C8AF /* Debug */,
				3FE5EC84239431770042C8AF /* Release */,
			);
			defaultConfigurationIsVisible = 0;
			defaultConfigurationName = Release;
		};
		3FE5EC85239431770042C8AF /* Build configuration list for PBXNativeTarget "mvvm_combineTests" */ = {
			isa = XCConfigurationList;
			buildConfigurations = (
				3FE5EC86239431770042C8AF /* Debug */,
				3FE5EC87239431770042C8AF /* Release */,
			);
			defaultConfigurationIsVisible = 0;
			defaultConfigurationName = Release;
		};
		3FE5EC88239431770042C8AF /* Build configuration list for PBXNativeTarget "mvvm_combineUITests" */ = {
			isa = XCConfigurationList;
			buildConfigurations = (
				3FE5EC89239431770042C8AF /* Debug */,
				3FE5EC8A239431770042C8AF /* Release */,
			);
			defaultConfigurationIsVisible = 0;
			defaultConfigurationName = Release;
		};
/* End XCConfigurationList section */

/* Begin XCVersionGroup section */
		3FE5EC61239431720042C8AF /* mvvm_combine.xcdatamodeld */ = {
			isa = XCVersionGroup;
			children = (
				3FE5EC62239431720042C8AF /* mvvm_combine.xcdatamodel */,
			);
			currentVersion = 3FE5EC62239431720042C8AF /* mvvm_combine.xcdatamodel */;
			path = mvvm_combine.xcdatamodeld;
			sourceTree = "<group>";
			versionGroupType = wrapper.xcdatamodel;
		};
/* End XCVersionGroup section */
	};
	rootObject = 3FE5EC4D239431720042C8AF /* Project object */;
}
